
Microsoft Visual Studio Solution File, Format Version 12.00
# Visual Studio Version 18
VisualStudioVersion = 18.6.11806.211 stable
MinimumVisualStudioVersion = 10.0.40219.1
Project("{FAE04EC0-301F-11D3-BF4B-00C04F79EFBC}") = "Prime Number checker", "Prime Number checker.csproj", "{07B4925F-4735-923B-CEC1-CB38FBD2940E}"
EndProject
Global
	GlobalSection(SolutionConfigurationPlatforms) = preSolution
		Debug|Any CPU = Debug|Any CPU
		Release|Any CPU = Release|Any CPU
	EndGlobalSection
	GlobalSection(ProjectConfigurationPlatforms) = postSolution
		{07B4925F-4735-923B-CEC1-CB38FBD2940E}.Debug|Any CPU.ActiveCfg = Debug|Any CPU
		{07B4925F-4735-923B-CEC1-CB38FBD2940E}.Debug|Any CPU.Build.0 = Debug|Any CPU
		{07B4925F-4735-923B-CEC1-CB38FBD2940E}.Release|Any CPU.ActiveCfg = Release|Any CPU
		{07B4925F-4735-923B-CEC1-CB38FBD2940E}.Release|Any CPU.Build.0 = Release|Any CPU
	EndGlobalSection
	GlobalSection(SolutionProperties) = preSolution
		HideSolutionNode = FALSE
	EndGlobalSection
	GlobalSection(ExtensibilityGlobals) = postSolution
		SolutionGuid = {C93FA736-D82B-49F9-9BA9-4C3A36C4614C}
	EndGlobalSection
EndGlobal
